// !$*UTF8*$!
{
	archiveVersion = 1;
	classes = {
	};
	objectVersion = 50;
	objects = {

/* Begin PBXBuildFile section */
		610F62992194299000E05ED1 /* AppDelegate.swift in Sources */ = {isa = PBXBuildFile; fileRef = 610F62982194299000E05ED1 /* AppDelegate.swift */; };
		610F629B2194299000E05ED1 /* HomeController.swift in Sources */ = {isa = PBXBuildFile; fileRef = 610F629A2194299000E05ED1 /* HomeController.swift */; };
		610F629E2194299000E05ED1 /* Main.storyboard in Resources */ = {isa = PBXBuildFile; fileRef = 610F629C2194299000E05ED1 /* Main.storyboard */; };
		610F62A02194299300E05ED1 /* Assets.xcassets in Resources */ = {isa = PBXBuildFile; fileRef = 610F629F2194299300E05ED1 /* Assets.xcassets */; };
		610F62A32194299300E05ED1 /* LaunchScreen.storyboard in Resources */ = {isa = PBXBuildFile; fileRef = 610F62A12194299300E05ED1 /* LaunchScreen.storyboard */; };
		610F62AE2194299300E05ED1 /* myYoutubeTests.swift in Sources */ = {isa = PBXBuildFile; fileRef = 610F62AD2194299300E05ED1 /* myYoutubeTests.swift */; };
		610F62B92194299300E05ED1 /* myYoutubeUITests.swift in Sources */ = {isa = PBXBuildFile; fileRef = 610F62B82194299300E05ED1 /* myYoutubeUITests.swift */; };
		610F62C721942E3300E05ED1 /* VideoCell.swift in Sources */ = {isa = PBXBuildFile; fileRef = 610F62C621942E3300E05ED1 /* VideoCell.swift */; };
		610F62C921942EFD00E05ED1 /* Extension.swift in Sources */ = {isa = PBXBuildFile; fileRef = 610F62C821942EFD00E05ED1 /* Extension.swift */; };
		610F62CF2194707100E05ED1 /* MenuBar.swift in Sources */ = {isa = PBXBuildFile; fileRef = 610F62CE2194707100E05ED1 /* MenuBar.swift */; };
		6110956B2195778F003FDAB7 /* Video.swift in Sources */ = {isa = PBXBuildFile; fileRef = 6110956A2195778F003FDAB7 /* Video.swift */; };
		6110956F2195C521003FDAB7 /* SettingsLauncher.swift in Sources */ = {isa = PBXBuildFile; fileRef = 6110956E2195C521003FDAB7 /* SettingsLauncher.swift */; };
		611095712195D5E8003FDAB7 /* SettingCell.swift in Sources */ = {isa = PBXBuildFile; fileRef = 611095702195D5E8003FDAB7 /* SettingCell.swift */; };
		6180758221A29E8500134E6E /* VideoLauncher.swift in Sources */ = {isa = PBXBuildFile; fileRef = 6180758121A29E8500134E6E /* VideoLauncher.swift */; };
		61FD80D621996F4800E6D8EF /* ApiService.swift in Sources */ = {isa = PBXBuildFile; fileRef = 61FD80D521996F4800E6D8EF /* ApiService.swift */; };
		61FD80D82199A1DF00E6D8EF /* HomeCell.swift in Sources */ = {isa = PBXBuildFile; fileRef = 61FD80D72199A1DF00E6D8EF /* HomeCell.swift */; };
		61FD80E22199CC2E00E6D8EF /* TrendingCell.swift in Sources */ = {isa = PBXBuildFile; fileRef = 61FD80DF2199CC2E00E6D8EF /* TrendingCell.swift */; };
		61FD80E32199CC2E00E6D8EF /* AccountCell.swift in Sources */ = {isa = PBXBuildFile; fileRef = 61FD80E02199CC2E00E6D8EF /* AccountCell.swift */; };
		61FD80E42199CC2E00E6D8EF /* SubscriptionsCell.swift in Sources */ = {isa = PBXBuildFile; fileRef = 61FD80E12199CC2E00E6D8EF /* SubscriptionsCell.swift */; };
/* End PBXBuildFile section */

/* Begin PBXContainerItemProxy section */
		610F62AA2194299300E05ED1 /* PBXContainerItemProxy */ = {
			isa = PBXContainerItemProxy;
			containerPortal = 610F628D2194299000E05ED1 /* Project object */;
			proxyType = 1;
			remoteGlobalIDString = 610F62942194299000E05ED1;
			remoteInfo = myYoutube;
		};
		610F62B52194299300E05ED1 /* PBXContainerItemProxy */ = {
			isa = PBXContainerItemProxy;
			containerPortal = 610F628D2194299000E05ED1 /* Project object */;
			proxyType = 1;
			remoteGlobalIDString = 610F62942194299000E05ED1;
			remoteInfo = myYoutube;
		};
/* End PBXContainerItemProxy section */

/* Begin PBXFileReference section */
		610F62952194299000E05ED1 /* myYoutube.app */ = {isa = PBXFileReference; explicitFileType = wrapper.application; includeInIndex = 0; path = myYoutube.app; sourceTree = BUILT_PRODUCTS_DIR; };
		610F62982194299000E05ED1 /* AppDelegate.swift */ = {isa = PBXFileReference; lastKnownFileType = sourcecode.swift; path = AppDelegate.swift; sourceTree = "<group>"; };
		610F629A2194299000E05ED1 /* HomeController.swift */ = {isa = PBXFileReference; lastKnownFileType = sourcecode.swift; path = HomeController.swift; sourceTree = "<group>"; };
		610F629D2194299000E05ED1 /* Base */ = {isa = PBXFileReference; lastKnownFileType = file.storyboard; name = Base; path = Base.lproj/Main.storyboard; sourceTree = "<group>"; };
		610F629F2194299300E05ED1 /* Assets.xcassets */ = {isa = PBXFileReference; lastKnownFileType = folder.assetcatalog; path = Assets.xcassets; sourceTree = "<group>"; };
		610F62A22194299300E05ED1 /* Base */ = {isa = PBXFileReference; lastKnownFileType = file.storyboard; name = Base; path = Base.lproj/LaunchScreen.storyboard; sourceTree = "<group>"; };
		610F62A42194299300E05ED1 /* Info.plist */ = {isa = PBXFileReference; lastKnownFileType = text.plist.xml; path = Info.plist; sourceTree = "<group>"; };
		610F62A92194299300E05ED1 /* myYoutubeTests.xctest */ = {isa = PBXFileReference; explicitFileType = wrapper.cfbundle; includeInIndex = 0; path = myYoutubeTests.xctest; sourceTree = BUILT_PRODUCTS_DIR; };
		610F62AD2194299300E05ED1 /* myYoutubeTests.swift */ = {isa = PBXFileReference; lastKnownFileType = sourcecode.swift; path = myYoutubeTests.swift; sourceTree = "<group>"; };
		610F62AF2194299300E05ED1 /* Info.plist */ = {isa = PBXFileReference; lastKnownFileType = text.plist.xml; path = Info.plist; sourceTree = "<group>"; };
		610F62B42194299300E05ED1 /* myYoutubeUITests.xctest */ = {isa = PBXFileReference; explicitFileType = wrapper.cfbundle; includeInIndex = 0; path = myYoutubeUITests.xctest; sourceTree = BUILT_PRODUCTS_DIR; };
		610F62B82194299300E05ED1 /* myYoutubeUITests.swift */ = {isa = PBXFileReference; lastKnownFileType = sourcecode.swift; path = myYoutubeUITests.swift; sourceTree = "<group>"; };
		610F62BA2194299300E05ED1 /* Info.plist */ = {isa = PBXFileReference; lastKnownFileType = text.plist.xml; path = Info.plist; sourceTree = "<group>"; };
		610F62C621942E3300E05ED1 /* VideoCell.swift */ = {isa = PBXFileReference; lastKnownFileType = sourcecode.swift; path = VideoCell.swift; sourceTree = "<group>"; };
		610F62C821942EFD00E05ED1 /* Extension.swift */ = {isa = PBXFileReference; lastKnownFileType = sourcecode.swift; path = Extension.swift; sourceTree = "<group>"; };
		610F62CE2194707100E05ED1 /* MenuBar.swift */ = {isa = PBXFileReference; lastKnownFileType = sourcecode.swift; path = MenuBar.swift; sourceTree = "<group>"; };
		6110956A2195778F003FDAB7 /* Video.swift */ = {isa = PBXFileReference; lastKnownFileType = sourcecode.swift; path = Video.swift; sourceTree = "<group>"; };
		6110956E2195C521003FDAB7 /* SettingsLauncher.swift */ = {isa = PBXFileReference; lastKnownFileType = sourcecode.swift; path = SettingsLauncher.swift; sourceTree = "<group>"; };
		611095702195D5E8003FDAB7 /* SettingCell.swift */ = {isa = PBXFileReference; lastKnownFileType = sourcecode.swift; path = SettingCell.swift; sourceTree = "<group>"; };
		6180758121A29E8500134E6E /* VideoLauncher.swift */ = {isa = PBXFileReference; lastKnownFileType = sourcecode.swift; path = VideoLauncher.swift; sourceTree = "<group>"; };
		61FD80D521996F4800E6D8EF /* ApiService.swift */ = {isa = PBXFileReference; lastKnownFileType = sourcecode.swift; path = ApiService.swift; sourceTree = "<group>"; };
		61FD80D72199A1DF00E6D8EF /* HomeCell.swift */ = {isa = PBXFileReference; lastKnownFileType = sourcecode.swift; path = HomeCell.swift; sourceTree = "<group>"; };
		61FD80DF2199CC2E00E6D8EF /* TrendingCell.swift */ = {isa = PBXFileReference; fileEncoding = 4; lastKnownFileType = sourcecode.swift; path = TrendingCell.swift; sourceTree = "<group>"; };
		61FD80E02199CC2E00E6D8EF /* AccountCell.swift */ = {isa = PBXFileReference; fileEncoding = 4; lastKnownFileType = sourcecode.swift; path = AccountCell.swift; sourceTree = "<group>"; };
		61FD80E12199CC2E00E6D8EF /* SubscriptionsCell.swift */ = {isa = PBXFileReference; fileEncoding = 4; lastKnownFileType = sourcecode.swift; path = SubscriptionsCell.swift; sourceTree = "<group>"; };
/* End PBXFileReference section */

/* Begin PBXFrameworksBuildPhase section */
		610F62922194299000E05ED1 /* Frameworks */ = {
			isa = PBXFrameworksBuildPhase;
			buildActionMask = 2147483647;
			files = (
			);
			runOnlyForDeploymentPostprocessing = 0;
		};
		610F62A62194299300E05ED1 /* Frameworks */ = {
			isa = PBXFrameworksBuildPhase;
			buildActionMask = 2147483647;
			files = (
			);
			runOnlyForDeploymentPostprocessing = 0;
		};
		610F62B12194299300E05ED1 /* Frameworks */ = {
			isa = PBXFrameworksBuildPhase;
			buildActionMask = 2147483647;
			files = (
			);
			runOnlyForDeploymentPostprocessing = 0;
		};
/* End PBXFrameworksBuildPhase section */

/* Begin PBXGroup section */
		610F628C2194299000E05ED1 = {
			isa = PBXGroup;
			children = (
				61FD80D421996F2900E6D8EF /* ApiService */,
				610F62CD2194675200E05ED1 /* Model */,
				610F62CC2194674000E05ED1 /* Controller */,
				610F62CB2194670B00E05ED1 /* View */,
				610F62CA219466CA00E05ED1 /* Helpers */,
				610F62972194299000E05ED1 /* myYoutube */,
				610F62AC2194299300E05ED1 /* myYoutubeTests */,
				610F62B72194299300E05ED1 /* myYoutubeUITests */,
				610F62962194299000E05ED1 /* Products */,
			);
			sourceTree = "<group>";
		};
		610F62962194299000E05ED1 /* Products */ = {
			isa = PBXGroup;
			children = (
				610F62952194299000E05ED1 /* myYoutube.app */,
				610F62A92194299300E05ED1 /* myYoutubeTests.xctest */,
				610F62B42194299300E05ED1 /* myYoutubeUITests.xctest */,
			);
			name = Products;
			sourceTree = "<group>";
		};
		610F62972194299000E05ED1 /* myYoutube */ = {
			isa = PBXGroup;
			children = (
				610F62982194299000E05ED1 /* AppDelegate.swift */,
				610F629C2194299000E05ED1 /* Main.storyboard */,
				610F629F2194299300E05ED1 /* Assets.xcassets */,
				610F62A12194299300E05ED1 /* LaunchScreen.storyboard */,
				610F62A42194299300E05ED1 /* Info.plist */,
			);
			path = myYoutube;
			sourceTree = "<group>";
		};
		610F62AC2194299300E05ED1 /* myYoutubeTests */ = {
			isa = PBXGroup;
			children = (
				610F62AD2194299300E05ED1 /* myYoutubeTests.swift */,
				610F62AF2194299300E05ED1 /* Info.plist */,
			);
			path = myYoutubeTests;
			sourceTree = "<group>";
		};
		610F62B72194299300E05ED1 /* myYoutubeUITests */ = {
			isa = PBXGroup;
			children = (
				610F62BA2194299300E05ED1 /* Info.plist */,
				610F62B82194299300E05ED1 /* myYoutubeUITests.swift */,
			);
			path = myYoutubeUITests;
			sourceTree = "<group>";
		};
		610F62CA219466CA00E05ED1 /* Helpers */ = {
			isa = PBXGroup;
			children = (
				6180758121A29E8500134E6E /* VideoLauncher.swift */,
				610F62C821942EFD00E05ED1 /* Extension.swift */,
			);
			path = Helpers;
			sourceTree = "<group>";
		};
		610F62CB2194670B00E05ED1 /* View */ = {
			isa = PBXGroup;
			children = (
				61FD80E02199CC2E00E6D8EF /* AccountCell.swift */,
				61FD80E12199CC2E00E6D8EF /* SubscriptionsCell.swift */,
				61FD80DF2199CC2E00E6D8EF /* TrendingCell.swift */,
				610F62C621942E3300E05ED1 /* VideoCell.swift */,
				610F62CE2194707100E05ED1 /* MenuBar.swift */,
				611095702195D5E8003FDAB7 /* SettingCell.swift */,
				61FD80D72199A1DF00E6D8EF /* HomeCell.swift */,
			);
			path = View;
			sourceTree = "<group>";
		};
		610F62CC2194674000E05ED1 /* Controller */ = {
			isa = PBXGroup;
			children = (
				610F629A2194299000E05ED1 /* HomeController.swift */,
				6110956E2195C521003FDAB7 /* SettingsLauncher.swift */,
			);
			path = Controller;
			sourceTree = "<group>";
		};
		610F62CD2194675200E05ED1 /* Model */ = {
			isa = PBXGroup;
			children = (
				6110956A2195778F003FDAB7 /* Video.swift */,
			);
			path = Model;
			sourceTree = "<group>";
		};
		61FD80D421996F2900E6D8EF /* ApiService */ = {
			isa = PBXGroup;
			children = (
				61FD80D521996F4800E6D8EF /* ApiService.swift */,
			);
			path = ApiService;
			sourceTree = "<group>";
		};
/* End PBXGroup section */

/* Begin PBXNativeTarget section */
		610F62942194299000E05ED1 /* myYoutube */ = {
			isa = PBXNativeTarget;
			buildConfigurationList = 610F62BD2194299300E05ED1 /* Build configuration list for PBXNativeTarget "myYoutube" */;
			buildPhases = (
				610F62912194299000E05ED1 /* Sources */,
				610F62922194299000E05ED1 /* Frameworks */,
				610F62932194299000E05ED1 /* Resources */,
			);
			buildRules = (
			);
			dependencies = (
			);
			name = myYoutube;
			productName = myYoutube;
			productReference = 610F62952194299000E05ED1 /* myYoutube.app */;
			productType = "com.apple.product-type.application";
		};
		610F62A82194299300E05ED1 /* myYoutubeTests */ = {
			isa = PBXNativeTarget;
			buildConfigurationList = 610F62C02194299300E05ED1 /* Build configuration list for PBXNativeTarget "myYoutubeTests" */;
			buildPhases = (
				610F62A52194299300E05ED1 /* Sources */,
				610F62A62194299300E05ED1 /* Frameworks */,
				610F62A72194299300E05ED1 /* Resources */,
			);
			buildRules = (
			);
			dependencies = (
				610F62AB2194299300E05ED1 /* PBXTargetDependency */,
			);
			name = myYoutubeTests;
			productName = myYoutubeTests;
			productReference = 610F62A92194299300E05ED1 /* myYoutubeTests.xctest */;
			productType = "com.apple.product-type.bundle.unit-test";
		};
		610F62B32194299300E05ED1 /* myYoutubeUITests */ = {
			isa = PBXNativeTarget;
			buildConfigurationList = 610F62C32194299300E05ED1 /* Build configuration list for PBXNativeTarget "myYoutubeUITests" */;
			buildPhases = (
				610F62B02194299300E05ED1 /* Sources */,
				610F62B12194299300E05ED1 /* Frameworks */,
				610F62B22194299300E05ED1 /* Resources */,
			);
			buildRules = (
			);
			dependencies = (
				610F62B62194299300E05ED1 /* PBXTargetDependency */,
			);
			name = myYoutubeUITests;
			productName = myYoutubeUITests;
			productReference = 610F62B42194299300E05ED1 /* myYoutubeUITests.xctest */;
			productType = "com.apple.product-type.bundle.ui-testing";
		};
/* End PBXNativeTarget section */

/* Begin PBXProject section */
		610F628D2194299000E05ED1 /* Project object */ = {
			isa = PBXProject;
			attributes = {
				LastSwiftUpdateCheck = 1000;
				LastUpgradeCheck = 1000;
				ORGANIZATIONNAME = "Armin Spahic";
				TargetAttributes = {
					610F62942194299000E05ED1 = {
						CreatedOnToolsVersion = 10.0;
					};
					610F62A82194299300E05ED1 = {
						CreatedOnToolsVersion = 10.0;
						TestTargetID = 610F62942194299000E05ED1;
					};
					610F62B32194299300E05ED1 = {
						CreatedOnToolsVersion = 10.0;
						TestTargetID = 610F62942194299000E05ED1;
					};
				};
			};
			buildConfigurationList = 610F62902194299000E05ED1 /* Build configuration list for PBXProject "myYoutube" */;
			compatibilityVersion = "Xcode 9.3";
			developmentRegion = en;
			hasScannedForEncodings = 0;
			knownRegions = (
				en,
				Base,
			);
			mainGroup = 610F628C2194299000E05ED1;
			productRefGroup = 610F62962194299000E05ED1 /* Products */;
			projectDirPath = "";
			projectRoot = "";
			targets = (
				610F62942194299000E05ED1 /* myYoutube */,
				610F62A82194299300E05ED1 /* myYoutubeTests */,
				610F62B32194299300E05ED1 /* myYoutubeUITests */,
			);
		};
/* End PBXProject section */

/* Begin PBXResourcesBuildPhase section */
		610F62932194299000E05ED1 /* Resources */ = {
			isa = PBXResourcesBuildPhase;
			buildActionMask = 2147483647;
			files = (
				610F62A32194299300E05ED1 /* LaunchScreen.storyboard in Resources */,
				610F62A02194299300E05ED1 /* Assets.xcassets in Resources */,
				610F629E2194299000E05ED1 /* Main.storyboard in Resources */,
			);
			runOnlyForDeploymentPostprocessing = 0;
		};
		610F62A72194299300E05ED1 /* Resources */ = {
			isa = PBXResourcesBuildPhase;
			buildActionMask = 2147483647;
			files = (
			);
			runOnlyForDeploymentPostprocessing = 0;
		};
		610F62B22194299300E05ED1 /* Resources */ = {
			isa = PBXResourcesBuildPhase;
			buildActionMask = 2147483647;
			files = (
			);
			runOnlyForDeploymentPostprocessing = 0;
		};
/* End PBXResourcesBuildPhase section */

/* Begin PBXSourcesBuildPhase section */
		610F62912194299000E05ED1 /* Sources */ = {
			isa = PBXSourcesBuildPhase;
			buildActionMask = 2147483647;
			files = (
				61FD80E42199CC2E00E6D8EF /* SubscriptionsCell.swift in Sources */,
				610F629B2194299000E05ED1 /* HomeController.swift in Sources */,
				6110956B2195778F003FDAB7 /* Video.swift in Sources */,
				6180758221A29E8500134E6E /* VideoLauncher.swift in Sources */,
				61FD80E22199CC2E00E6D8EF /* TrendingCell.swift in Sources */,
				611095712195D5E8003FDAB7 /* SettingCell.swift in Sources */,
				610F62992194299000E05ED1 /* AppDelegate.swift in Sources */,
				61FD80E32199CC2E00E6D8EF /* AccountCell.swift in Sources */,
				61FD80D82199A1DF00E6D8EF /* HomeCell.swift in Sources */,
				6110956F2195C521003FDAB7 /* SettingsLauncher.swift in Sources */,
				61FD80D621996F4800E6D8EF /* ApiService.swift in Sources */,
				610F62C721942E3300E05ED1 /* VideoCell.swift in Sources */,
				610F62C921942EFD00E05ED1 /* Extension.swift in Sources */,
				610F62CF2194707100E05ED1 /* MenuBar.swift in Sources */,
			);
			runOnlyForDeploymentPostprocessing = 0;
		};
		610F62A52194299300E05ED1 /* Sources */ = {
			isa = PBXSourcesBuildPhase;
			buildActionMask = 2147483647;
			files = (
				610F62AE2194299300E05ED1 /* myYoutubeTests.swift in Sources */,
			);
			runOnlyForDeploymentPostprocessing = 0;
		};
		610F62B02194299300E05ED1 /* Sources */ = {
			isa = PBXSourcesBuildPhase;
			buildActionMask = 2147483647;
			files = (
				610F62B92194299300E05ED1 /* myYoutubeUITests.swift in Sources */,
			);
			runOnlyForDeploymentPostprocessing = 0;
		};
/* End PBXSourcesBuildPhase section */

/* Begin PBXTargetDependency section */
		610F62AB2194299300E05ED1 /* PBXTargetDependency */ = {
			isa = PBXTargetDependency;
			target = 610F62942194299000E05ED1 /* myYoutube */;
			targetProxy = 610F62AA2194299300E05ED1 /* PBXContainerItemProxy */;
		};
		610F62B62194299300E05ED1 /* PBXTargetDependency */ = {
			isa = PBXTargetDependency;
			target = 610F62942194299000E05ED1 /* myYoutube */;
			targetProxy = 610F62B52194299300E05ED1 /* PBXContainerItemProxy */;
		};
/* End PBXTargetDependency section */

/* Begin PBXVariantGroup section */
		610F629C2194299000E05ED1 /* Main.storyboard */ = {
			isa = PBXVariantGroup;
			children = (
				610F629D2194299000E05ED1 /* Base */,
			);
			name = Main.storyboard;
			sourceTree = "<group>";
		};
		610F62A12194299300E05ED1 /* LaunchScreen.storyboard */ = {
			isa = PBXVariantGroup;
			children = (
				610F62A22194299300E05ED1 /* Base */,
			);
			name = LaunchScreen.storyboard;
			sourceTree = "<group>";
		};
/* End PBXVariantGroup section */

/* Begin XCBuildConfiguration section */
		610F62BB2194299300E05ED1 /* Debug */ = {
			isa = XCBuildConfiguration;
			buildSettings = {
				ALWAYS_SEARCH_USER_PATHS = NO;
				CLANG_ANALYZER_NONNULL = YES;
				CLANG_ANALYZER_NUMBER_OBJECT_CONVERSION = YES_AGGRESSIVE;
				CLANG_CXX_LANGUAGE_STANDARD = "gnu++14";
				CLANG_CXX_LIBRARY = "libc++";
				CLANG_ENABLE_MODULES = YES;
				CLANG_ENABLE_OBJC_ARC = YES;
				CLANG_ENABLE_OBJC_WEAK = YES;
				CLANG_WARN_BLOCK_CAPTURE_AUTORELEASING = YES;
				CLANG_WARN_BOOL_CONVERSION = YES;
				CLANG_WARN_COMMA = YES;
				CLANG_WARN_CONSTANT_CONVERSION = YES;
				CLANG_WARN_DEPRECATED_OBJC_IMPLEMENTATIONS = YES;
				CLANG_WARN_DIRECT_OBJC_ISA_USAGE = YES_ERROR;
				CLANG_WARN_DOCUMENTATION_COMMENTS = YES;
				CLANG_WARN_EMPTY_BODY = YES;
				CLANG_WARN_ENUM_CONVERSION = YES;
				CLANG_WARN_INFINITE_RECURSION = YES;
				CLANG_WARN_INT_CONVERSION = YES;
				CLANG_WARN_NON_LITERAL_NULL_CONVERSION = YES;
				CLANG_WARN_OBJC_IMPLICIT_RETAIN_SELF = YES;
				CLANG_WARN_OBJC_LITERAL_CONVERSION = YES;
				CLANG_WARN_OBJC_ROOT_CLASS = YES_ERROR;
				CLANG_WARN_RANGE_LOOP_ANALYSIS = YES;
				CLANG_WARN_STRICT_PROTOTYPES = YES;
				CLANG_WARN_SUSPICIOUS_MOVE = YES;
				CLANG_WARN_UNGUARDED_AVAILABILITY = YES_AGGRESSIVE;
				CLANG_WARN_UNREACHABLE_CODE = YES;
				CLANG_WARN__DUPLICATE_METHOD_MATCH = YES;
				CODE_SIGN_IDENTITY = "iPhone Developer";
				COPY_PHASE_STRIP = NO;
				DEBUG_INFORMATION_FORMAT = dwarf;
				ENABLE_STRICT_OBJC_MSGSEND = YES;
				ENABLE_TESTABILITY = YES;
				GCC_C_LANGUAGE_STANDARD = gnu11;
				GCC_DYNAMIC_NO_PIC = NO;
				GCC_NO_COMMON_BLOCKS = YES;
				GCC_OPTIMIZATION_LEVEL = 0;
				GCC_PREPROCESSOR_DEFINITIONS = (
					"DEBUG=1",
					"$(inherited)",
				);
				GCC_WARN_64_TO_32_BIT_CONVERSION = YES;
				GCC_WARN_ABOUT_RETURN_TYPE = YES_ERROR;
				GCC_WARN_UNDECLARED_SELECTOR = YES;
				GCC_WARN_UNINITIALIZED_AUTOS = YES_AGGRESSIVE;
				GCC_WARN_UNUSED_FUNCTION = YES;
				GCC_WARN_UNUSED_VARIABLE = YES;
				IPHONEOS_DEPLOYMENT_TARGET = 12.0;
				MTL_ENABLE_DEBUG_INFO = INCLUDE_SOURCE;
				MTL_FAST_MATH = YES;
				ONLY_ACTIVE_ARCH = YES;
				SDKROOT = iphoneos;
				SWIFT_ACTIVE_COMPILATION_CONDITIONS = DEBUG;
				SWIFT_OPTIMIZATION_LEVEL = "-Onone";
			};
			name = Debug;
		};
		610F62BC2194299300E05ED1 /* Release */ = {
			isa = XCBuildConfiguration;
			buildSettings = {
				ALWAYS_SEARCH_USER_PATHS = NO;
				CLANG_ANALYZER_NONNULL = YES;
				CLANG_ANALYZER_NUMBER_OBJECT_CONVERSION = YES_AGGRESSIVE;
				CLANG_CXX_LANGUAGE_STANDARD = "gnu++14";
				CLANG_CXX_LIBRARY = "libc++";
				CLANG_ENABLE_MODULES = YES;
				CLANG_ENABLE_OBJC_ARC = YES;
				CLANG_ENABLE_OBJC_WEAK = YES;
				CLANG_WARN_BLOCK_CAPTURE_AUTORELEASING = YES;
				CLANG_WARN_BOOL_CONVERSION = YES;
				CLANG_WARN_COMMA = YES;
				CLANG_WARN_CONSTANT_CONVERSION = YES;
				CLANG_WARN_DEPRECATED_OBJC_IMPLEMENTATIONS = YES;
				CLANG_WARN_DIRECT_OBJC_ISA_USAGE = YES_ERROR;
				CLANG_WARN_DOCUMENTATION_COMMENTS = YES;
				CLANG_WARN_EMPTY_BODY = YES;
				CLANG_WARN_ENUM_CONVERSION = YES;
				CLANG_WARN_INFINITE_RECURSION = YES;
				CLANG_WARN_INT_CONVERSION = YES;
				CLANG_WARN_NON_LITERAL_NULL_CONVERSION = YES;
				CLANG_WARN_OBJC_IMPLICIT_RETAIN_SELF = YES;
				CLANG_WARN_OBJC_LITERAL_CONVERSION = YES;
				CLANG_WARN_OBJC_ROOT_CLASS = YES_ERROR;
				CLANG_WARN_RANGE_LOOP_ANALYSIS = YES;
				CLANG_WARN_STRICT_PROTOTYPES = YES;
				CLANG_WARN_SUSPICIOUS_MOVE = YES;
				CLANG_WARN_UNGUARDED_AVAILABILITY = YES_AGGRESSIVE;
				CLANG_WARN_UNREACHABLE_CODE = YES;
				CLANG_WARN__DUPLICATE_METHOD_MATCH = YES;
				CODE_SIGN_IDENTITY = "iPhone Developer";
				COPY_PHASE_STRIP = NO;
				DEBUG_INFORMATION_FORMAT = "dwarf-with-dsym";
				ENABLE_NS_ASSERTIONS = NO;
				ENABLE_STRICT_OBJC_MSGSEND = YES;
				GCC_C_LANGUAGE_STANDARD = gnu11;
				GCC_NO_COMMON_BLOCKS = YES;
				GCC_WARN_64_TO_32_BIT_CONVERSION = YES;
				GCC_WARN_ABOUT_RETURN_TYPE = YES_ERROR;
				GCC_WARN_UNDECLARED_SELECTOR = YES;
				GCC_WARN_UNINITIALIZED_AUTOS = YES_AGGRESSIVE;
				GCC_WARN_UNUSED_FUNCTION = YES;
				GCC_WARN_UNUSED_VARIABLE = YES;
				IPHONEOS_DEPLOYMENT_TARGET = 12.0;
				MTL_ENABLE_DEBUG_INFO = NO;
				MTL_FAST_MATH = YES;
				SDKROOT = iphoneos;
				SWIFT_COMPILATION_MODE = wholemodule;
				SWIFT_OPTIMIZATION_LEVEL = "-O";
				VALIDATE_PRODUCT = YES;
			};
			name = Release;
		};
		610F62BE2194299300E05ED1 /* Debug */ = {
			isa = XCBuildConfiguration;
			buildSettings = {
				ASSETCATALOG_COMPILER_APPICON_NAME = AppIcon;
				CODE_SIGN_STYLE = Automatic;
				DEVELOPMENT_TEAM = 6NRP74S2U2;
				INFOPLIST_FILE = myYoutube/Info.plist;
				LD_RUNPATH_SEARCH_PATHS = (
					"$(inherited)",
					"@executable_path/Frameworks",
				);
				PRODUCT_BUNDLE_IDENTIFIER = com.arminspahic.PostityPost.myYoutube;
				PRODUCT_NAME = "$(TARGET_NAME)";
				SWIFT_VERSION = 4.2;
				TARGETED_DEVICE_FAMILY = "1,2";
			};
			name = Debug;
		};
		610F62BF2194299300E05ED1 /* Release */ = {
			isa = XCBuildConfiguration;
			buildSettings = {
				ASSETCATALOG_COMPILER_APPICON_NAME = AppIcon;
				CODE_SIGN_STYLE = Automatic;
				DEVELOPMENT_TEAM = 6NRP74S2U2;
				INFOPLIST_FILE = myYoutube/Info.plist;
				LD_RUNPATH_SEARCH_PATHS = (
					"$(inherited)",
					"@executable_path/Frameworks",
				);
				PRODUCT_BUNDLE_IDENTIFIER = com.arminspahic.PostityPost.myYoutube;
				PRODUCT_NAME = "$(TARGET_NAME)";
				SWIFT_VERSION = 4.2;
				TARGETED_DEVICE_FAMILY = "1,2";
			};
			name = Release;
		};
		610F62C12194299300E05ED1 /* Debug */ = {
			isa = XCBuildConfiguration;
			buildSettings = {
				ALWAYS_EMBED_SWIFT_STANDARD_LIBRARIES = YES;
				BUNDLE_LOADER = "$(TEST_HOST)";
				CODE_SIGN_STYLE = Automatic;
				DEVELOPMENT_TEAM = 6NRP74S2U2;
				INFOPLIST_FILE = myYoutubeTests/Info.plist;
				LD_RUNPATH_SEARCH_PATHS = (
					"$(inherited)",
					"@executable_path/Frameworks",
					"@loader_path/Frameworks",
				);
				PRODUCT_BUNDLE_IDENTIFIER = com.arminspahic.PostityPost.myYoutubeTests;
				PRODUCT_NAME = "$(TARGET_NAME)";
				SWIFT_VERSION = 4.2;
				TARGETED_DEVICE_FAMILY = "1,2";
				TEST_HOST = "$(BUILT_PRODUCTS_DIR)/myYoutube.app/myYoutube";
			};
			name = Debug;
		};
		610F62C22194299300E05ED1 /* Release */ = {
			isa = XCBuildConfiguration;
			buildSettings = {
				ALWAYS_EMBED_SWIFT_STANDARD_LIBRARIES = YES;
				BUNDLE_LOADER = "$(TEST_HOST)";
				CODE_SIGN_STYLE = Automatic;
				DEVELOPMENT_TEAM = 6NRP74S2U2;
				INFOPLIST_FILE = myYoutubeTests/Info.plist;
				LD_RUNPATH_SEARCH_PATHS = (
					"$(inherited)",
					"@executable_path/Frameworks",
					"@loader_path/Frameworks",
				);
				PRODUCT_BUNDLE_IDENTIFIER = com.arminspahic.PostityPost.myYoutubeTests;
				PRODUCT_NAME = "$(TARGET_NAME)";
				SWIFT_VERSION = 4.2;
				TARGETED_DEVICE_FAMILY = "1,2";
				TEST_HOST = "$(BUILT_PRODUCTS_DIR)/myYoutube.app/myYoutube";
			};
			name = Release;
		};
		610F62C42194299300E05ED1 /* Debug */ = {
			isa = XCBuildConfiguration;
			buildSettings = {
				ALWAYS_EMBED_SWIFT_STANDARD_LIBRARIES = YES;
				CODE_SIGN_STYLE = Automatic;
				DEVELOPMENT_TEAM = 6NRP74S2U2;
				INFOPLIST_FILE = myYoutubeUITests/Info.plist;
				LD_RUNPATH_SEARCH_PATHS = (
					"$(inherited)",
					"@executable_path/Frameworks",
					"@loader_path/Frameworks",
				);
				PRODUCT_BUNDLE_IDENTIFIER = com.arminspahic.PostityPost.myYoutubeUITests;
				PRODUCT_NAME = "$(TARGET_NAME)";
				SWIFT_VERSION = 4.2;
				TARGETED_DEVICE_FAMILY = "1,2";
				TEST_TARGET_NAME = myYoutube;
			};
			name = Debug;
		};
		610F62C52194299300E05ED1 /* Release */ = {
			isa = XCBuildConfiguration;
			buildSettings = {
				ALWAYS_EMBED_SWIFT_STANDARD_LIBRARIES = YES;
				CODE_SIGN_STYLE = Automatic;
				DEVELOPMENT_TEAM = 6NRP74S2U2;
				INFOPLIST_FILE = myYoutubeUITests/Info.plist;
				LD_RUNPATH_SEARCH_PATHS = (
					"$(inherited)",
					"@executable_path/Frameworks",
					"@loader_path/Frameworks",
				);
				PRODUCT_BUNDLE_IDENTIFIER = com.arminspahic.PostityPost.myYoutubeUITests;
				PRODUCT_NAME = "$(TARGET_NAME)";
				SWIFT_VERSION = 4.2;
				TARGETED_DEVICE_FAMILY = "1,2";
				TEST_TARGET_NAME = myYoutube;
			};
			name = Release;
		};
/* End XCBuildConfiguration section */

/* Begin XCConfigurationList section */
		610F62902194299000E05ED1 /* Build configuration list for PBXProject "myYoutube" */ = {
			isa = XCConfigurationList;
			buildConfigurations = (
				610F62BB2194299300E05ED1 /* Debug */,
				610F62BC2194299300E05ED1 /* Release */,
			);
			defaultConfigurationIsVisible = 0;
			defaultConfigurationName = Release;
		};
		610F62BD2194299300E05ED1 /* Build configuration list for PBXNativeTarget "myYoutube" */ = {
			isa = XCConfigurationList;
			buildConfigurations = (
				610F62BE2194299300E05ED1 /* Debug */,
				610F62BF2194299300E05ED1 /* Release */,
			);
			defaultConfigurationIsVisible = 0;
			defaultConfigurationName = Release;
		};
		610F62C02194299300E05ED1 /* Build configuration list for PBXNativeTarget "myYoutubeTests" */ = {
			isa = XCConfigurationList;
			buildConfigurations = (
				610F62C12194299300E05ED1 /* Debug */,
				610F62C22194299300E05ED1 /* Release */,
			);
			defaultConfigurationIsVisible = 0;
			defaultConfigurationName = Release;
		};
		610F62C32194299300E05ED1 /* Build configuration list for PBXNativeTarget "myYoutubeUITests" */ = {
			isa = XCConfigurationList;
			buildConfigurations = (
				610F62C42194299300E05ED1 /* Debug */,
				610F62C52194299300E05ED1 /* Release */,
			);
			defaultConfigurationIsVisible = 0;
			defaultConfigurationName = Release;
		};
/* End XCConfigurationList section */
	};
	rootObject = 610F628D2194299000E05ED1 /* Project object */;
}
